{
  "name": "fed-e-task",
  "version": "1.0.0",
  "lockfileVersion": 1,
  "requires": true,
  "dependencies": {
    "git-cz": {
      "version": "4.7.0",
      "resolved": "https://registry.npm.taobao.org/git-cz/download/git-cz-4.7.0.tgz",
      "integrity": "sha1-+4ARyE2kImEri+YdYJZk35dqbJo=",
      "dev": true
    }
  }
}
